
Microsoft Visual Studio Solution File, Format Version 12.00
# Visual Studio 15
VisualStudioVersion = 15.0.27703.2000
MinimumVisualStudioVersion = 10.0.40219.1
Project("{888888A0-9F3D-457C-B088-3A5042F75D52}") = "PartialImageFinder", "PartialImageFinder\PartialImageFinder.pyproj", "{8C7215E2-1CBB-4FC0-9C82-4BC79EAB2E7C}"
EndProject
Global
	GlobalSection(SolutionConfigurationPlatforms) = preSolution
		Debug|Any CPU = Debug|Any CPU
		Release|Any CPU = Release|Any CPU
	EndGlobalSection
	GlobalSection(ProjectConfigurationPlatforms) = postSolution
		{8C7215E2-1CBB-4FC0-9C82-4BC79EAB2E7C}.Debug|Any CPU.ActiveCfg = Debug|Any CPU
		{8C7215E2-1CBB-4FC0-9C82-4BC79EAB2E7C}.Release|Any CPU.ActiveCfg = Release|Any CPU
	EndGlobalSection
	GlobalSection(SolutionProperties) = preSolution
		HideSolutionNode = FALSE
	EndGlobalSection
	GlobalSection(ExtensibilityGlobals) = postSolution
		SolutionGuid = {7057BF0D-CCB7-49F6-B646-761B1BD4A9A2}
	EndGlobalSection
EndGlobal
